# This file is automatically @generated by Cargo.
# It is not intended for manual editing.
version = 4

[[package]]
name = "starlight_bench"
version = "0.1.0"
dependencies = [
 "starlight_cpp",
 "starlight_layout",
]

[[package]]
name = "starlight_cpp"
version = "0.1.0"
dependencies = [
 "starlight_layout",
 "starlight_standalone",
]

[[package]]
name = "starlight_ffi"
version = "0.1.0"
dependencies = [
 "starlight_layout",
]

[[package]]
name = "starlight_layout"
version = "0.1.0"

[[package]]
name = "starlight_parity"
version = "0.1.0"
dependencies = [
 "starlight_cpp",
 "starlight_layout",
 "starlight_standalone",
]

[[package]]
name = "starlight_standalone"
version = "0.1.0"
dependencies = [
 "starlight_layout",
]
